
// !$*UTF8*$!
{
	archiveVersion = 1;
	classes = {
	};
	objectVersion = 56;
	objects = {

/* Begin PBXBuildFile section */
		AA0000000000000000000010 /* CustomCalendarApp.swift in Sources */ = {isa = PBXBuildFile; fileRef = AA0000000000000000000100 /* CustomCalendarApp.swift */; };
		AA0000000000000000000011 /* Models.swift in Sources */ = {isa = PBXBuildFile; fileRef = AA0000000000000000000101 /* Models.swift */; };
		AA0000000000000000000012 /* CustomDate.swift in Sources */ = {isa = PBXBuildFile; fileRef = AA0000000000000000000102 /* CustomDate.swift */; };
		AA0000000000000000000013 /* CalendarView.swift in Sources */ = {isa = PBXBuildFile; fileRef = AA0000000000000000000103 /* CalendarView.swift */; };
		AA0000000000000000000014 /* DayView.swift in Sources */ = {isa = PBXBuildFile; fileRef = AA0000000000000000000104 /* DayView.swift */; };
		AA0000000000000000000015 /* SettingsView.swift in Sources */ = {isa = PBXBuildFile; fileRef = AA0000000000000000000105 /* SettingsView.swift */; };
/* End PBXBuildFile section */

/* Begin PBXFileReference section */
		AA0000000000000000000100 /* CustomCalendarApp.swift */ = {isa = PBXFileReference; lastKnownFileType = sourcecode.swift; path = CustomCalendarApp.swift; sourceTree = "<group>"; };
		AA0000000000000000000101 /* Models.swift */ = {isa = PBXFileReference; lastKnownFileType = sourcecode.swift; path = Models.swift; sourceTree = "<group>"; };
		AA0000000000000000000102 /* CustomDate.swift */ = {isa = PBXFileReference; lastKnownFileType = sourcecode.swift; path = CustomDate.swift; sourceTree = "<group>"; };
		AA0000000000000000000103 /* CalendarView.swift */ = {isa = PBXFileReference; lastKnownFileType = sourcecode.swift; path = CalendarView.swift; sourceTree = "<group>"; };
		AA0000000000000000000104 /* DayView.swift */ = {isa = PBXFileReference; lastKnownFileType = sourcecode.swift; path = DayView.swift; sourceTree = "<group>"; };
		AA0000000000000000000105 /* SettingsView.swift */ = {isa = PBXFileReference; lastKnownFileType = sourcecode.swift; path = SettingsView.swift; sourceTree = "<group>"; };
		AA0000000000000000000200 /* CustomCalendar.app */ = {isa = PBXFileReference; explicitFileType = wrapper.application; includeInIndex = 0; path = CustomCalendar.app; sourceTree = BUILT_PRODUCTS_DIR; };
/* End PBXFileReference section */

/* Begin PBXFrameworksBuildPhase section */
		AA0000000000000000000300 /* Frameworks */ = {
			isa = PBXFrameworksBuildPhase;
			buildActionMask = 2147483647;
			files = (
			);
			runOnlyForDeploymentPostprocessing = 0;
		};
/* End PBXFrameworksBuildPhase section */

/* Begin PBXNativeTarget section */
		AA0000000000000000000400 /* CustomCalendar */ = {
			isa = PBXNativeTarget;
			buildConfigurationList = AA0000000000000000000700 /* Build configuration list for PBXNativeTarget "CustomCalendar" */;
			buildPhases = (
				AA0000000000000000000500 /* Sources */,
				AA0000000000000000000300 /* Frameworks */,
				AA0000000000000000000600 /* Resources */,
			);
			buildRules = (
			);
			dependencies = (
			);
			name = CustomCalendar;
			productName = CustomCalendar;
			productReference = AA0000000000000000000200 /* CustomCalendar.app */;
			productType = "com.apple.product-type.application";
		};
/* End PBXNativeTarget section */

/* Begin PBXProject section */
		AA0000000000000000000800 /* Project object */ = {
			isa = PBXProject;
			attributes = {
				LastSwiftUpdateCheck = 1600;
				LastUpgradeCheck = 1600;
				TargetAttributes = {
					AA0000000000000000000400 = {
						CreatedOnToolsVersion = 16.0;
					};
				};
			};
			buildConfigurationList = AA0000000000000000000900 /* Build configuration list for PBXProject "CustomCalendar" */;
			compatibilityVersion = "Xcode 14.0";
			developmentRegion = en;
			hasScannedForEncodings = 0;
			knownRegions = (
				en,
				Base,
			);
			mainGroup = AA0000000000000000000A00;
			productRefGroup = AA0000000000000000000B00 /* Products */;
			projectDirPath = "";
			projectRoot = "";
			targets = (
				AA0000000000000000000400 /* CustomCalendar */,
			);
		};
/* End PBXProject section */

/* Begin PBXResourcesBuildPhase section */
		AA0000000000000000000600 /* Resources */ = {
			isa = PBXResourcesBuildPhase;
			buildActionMask = 2147483647;
			files = (
			);
			runOnlyForDeploymentPostprocessing = 0;
		};
/* End PBXResourcesBuildPhase section */

/* Begin PBXSourcesBuildPhase section */
		AA0000000000000000000500 /* Sources */ = {
			isa = PBXSourcesBuildPhase;
			buildActionMask = 2147483647;
			files = (
				AA0000000000000000000010 /* CustomCalendarApp.swift in Sources */,
				AA0000000000000000000011 /* Models.swift in Sources */,
				AA0000000000000000000012 /* CustomDate.swift in Sources */,
				AA0000000000000000000013 /* CalendarView.swift in Sources */,
				AA0000000000000000000014 /* DayView.swift in Sources */,
				AA0000000000000000000015 /* SettingsView.swift in Sources */,
			);
			runOnlyForDeploymentPostprocessing = 0;
		};
/* End PBXSourcesBuildPhase section */

/* Begin PBXGroup section */
		AA0000000000000000000A00 = {
			isa = PBXGroup;
			children = (
				AA0000000000000000000C00 /* CustomCalendar */,
				AA0000000000000000000B00 /* Products */,
			);
			sourceTree = "<group>";
		};
		AA0000000000000000000B00 /* Products */ = {
			isa = PBXGroup;
			children = (
				AA0000000000000000000200 /* CustomCalendar.app */,
			);
			name = Products;
			sourceTree = "<group>";
		};
		AA0000000000000000000C00 /* CustomCalendar */ = {
			isa = PBXGroup;
			children = (
				AA0000000000000000000100 /* CustomCalendarApp.swift */,
				AA0000000000000000000101 /* Models.swift */,
				AA0000000000000000000102 /* CustomDate.swift */,
				AA0000000000000000000103 /* CalendarView.swift */,
				AA0000000000000000000104 /* DayView.swift */,
				AA0000000000000000000105 /* SettingsView.swift */,
			);
			path = CustomCalendar;
			sourceTree = "<group>";
		};
/* End PBXGroup section */

/* Begin XCBuildConfiguration section */
		AA0000000000000000001000 /* Debug */ = {
			isa = XCBuildConfiguration;
			buildSettings = {
				CLANG_ENABLE_MODULES = YES;
				CLANG_ENABLE_OBJC_ARC = YES;
				IPHONEOS_DEPLOYMENT_TARGET = 17.0;
				SDKROOT = iphoneos;
				SWIFT_VERSION = 5.0;
				TARGETED_DEVICE_FAMILY = "1,2";
			};
			name = Debug;
		};
		AA0000000000000000001001 /* Release */ = {
			isa = XCBuildConfiguration;
			buildSettings = {
				CLANG_ENABLE_MODULES = YES;
				CLANG_ENABLE_OBJC_ARC = YES;
				IPHONEOS_DEPLOYMENT_TARGET = 17.0;
				SDKROOT = iphoneos;
				SWIFT_VERSION = 5.0;
				TARGETED_DEVICE_FAMILY = "1,2";
			};
			name = Release;
		};
		AA0000000000000000001002 /* Debug */ = {
			isa = XCBuildConfiguration;
			buildSettings = {
				GENERATE_INFOPLIST_FILE = YES;
				INFOPLIST_KEY_CFBundleDisplayName = "Custom Calendar";
				INFOPLIST_KEY_LSApplicationCategoryType = "public.app-category.productivity";
				PRODUCT_BUNDLE_IDENTIFIER = "com.personal.customcalendar";
				PRODUCT_NAME = "$(TARGET_NAME)";
				SWIFT_EMIT_LOC_STRINGS = YES;
				SWIFT_VERSION = 5.0;
				TARGETED_DEVICE_FAMILY = "1,2";
			};
			name = Debug;
		};
		AA0000000000000000001003 /* Release */ = {
			isa = XCBuildConfiguration;
			buildSettings = {
				GENERATE_INFOPLIST_FILE = YES;
				INFOPLIST_KEY_CFBundleDisplayName = "Custom Calendar";
				INFOPLIST_KEY_LSApplicationCategoryType = "public.app-category.productivity";
				PRODUCT_BUNDLE_IDENTIFIER = "com.personal.customcalendar";
				PRODUCT_NAME = "$(TARGET_NAME)";
				SWIFT_EMIT_LOC_STRINGS = YES;
				SWIFT_VERSION = 5.0;
				TARGETED_DEVICE_FAMILY = "1,2";
			};
			name = Release;
		};
/* End XCBuildConfiguration section */

/* Begin XCConfigurationList section */
		AA0000000000000000000700 /* Build configuration list for PBXNativeTarget "CustomCalendar" */ = {
			isa = XCConfigurationList;
			buildConfigurations = (
				AA0000000000000000001002 /* Debug */,
				AA0000000000000000001003 /* Release */,
			);
			defaultConfigurationIsVisible = 0;
			defaultConfigurationName = Release;
		};
		AA0000000000000000000900 /* Build configuration list for PBXProject "CustomCalendar" */ = {
			isa = XCConfigurationList;
			buildConfigurations = (
				AA0000000000000000001000 /* Debug */,
				AA0000000000000000001001 /* Release */,
			);
			defaultConfigurationIsVisible = 0;
			defaultConfigurationName = Release;
		};
/* End XCConfigurationList section */
	};
	rootObject = AA0000000000000000000800 /* Project object */;
}
